
Microsoft Visual Studio Solution File, Format Version 12.00
# Visual Studio Version 17
VisualStudioVersion = 17.3.32825.248
MinimumVisualStudioVersion = 10.0.40219.1
Project("{9A19103F-16F7-4668-BE54-9A1E7A4F7556}") = "BlazorEcommerce.Server", "BlazorEcommerce\Server\BlazorEcommerce.Server.csproj", "{5D238046-8954-4813-9275-EEC20FB52AC6}"
EndProject
Project("{9A19103F-16F7-4668-BE54-9A1E7A4F7556}") = "BlazorEcommerce.Client", "BlazorEcommerce\Client\BlazorEcommerce.Client.csproj", "{E7ACFB86-D9B8-45B3-B491-C2C1A3FDEF4C}"
EndProject
Project("{9A19103F-16F7-4668-BE54-9A1E7A4F7556}") = "BlazorEcommerce.Shared", "BlazorEcommerce\Shared\BlazorEcommerce.Shared.csproj", "{16565774-DF82-42A1-AE87-E80ABFC215F3}"
EndProject
Global
	GlobalSection(SolutionConfigurationPlatforms) = preSolution
		Debug|Any CPU = Debug|Any CPU
		Release|Any CPU = Release|Any CPU
	EndGlobalSection
	GlobalSection(ProjectConfigurationPlatforms) = postSolution
		{5D238046-8954-4813-9275-EEC20FB52AC6}.Debug|Any CPU.ActiveCfg = Debug|Any CPU
		{5D238046-8954-4813-9275-EEC20FB52AC6}.Debug|Any CPU.Build.0 = Debug|Any CPU
		{5D238046-8954-4813-9275-EEC20FB52AC6}.Release|Any CPU.ActiveCfg = Release|Any CPU
		{5D238046-8954-4813-9275-EEC20FB52AC6}.Release|Any CPU.Build.0 = Release|Any CPU
		{E7ACFB86-D9B8-45B3-B491-C2C1A3FDEF4C}.Debug|Any CPU.ActiveCfg = Debug|Any CPU
		{E7ACFB86-D9B8-45B3-B491-C2C1A3FDEF4C}.Debug|Any CPU.Build.0 = Debug|Any CPU
		{E7ACFB86-D9B8-45B3-B491-C2C1A3FDEF4C}.Release|Any CPU.ActiveCfg = Release|Any CPU
		{E7ACFB86-D9B8-45B3-B491-C2C1A3FDEF4C}.Release|Any CPU.Build.0 = Release|Any CPU
		{16565774-DF82-42A1-AE87-E80ABFC215F3}.Debug|Any CPU.ActiveCfg = Debug|Any CPU
		{16565774-DF82-42A1-AE87-E80ABFC215F3}.Debug|Any CPU.Build.0 = Debug|Any CPU
		{16565774-DF82-42A1-AE87-E80ABFC215F3}.Release|Any CPU.ActiveCfg = Release|Any CPU
		{16565774-DF82-42A1-AE87-E80ABFC215F3}.Release|Any CPU.Build.0 = Release|Any CPU
	EndGlobalSection
	GlobalSection(SolutionProperties) = preSolution
		HideSolutionNode = FALSE
	EndGlobalSection
	GlobalSection(ExtensibilityGlobals) = postSolution
		SolutionGuid = {B320F859-E62C-433A-ABD7-CA27BBD3889D}
	EndGlobalSection
EndGlobal
